
Microsoft Visual Studio Solution File, Format Version 12.00
# Visual Studio Version 16
VisualStudioVersion = 16.0.32407.337
MinimumVisualStudioVersion = 10.0.40219.1
Project("{FAE04EC0-301F-11D3-BF4B-00C04F79EFBC}") = "MoonShoop", "MoonShoop\MoonShoop.csproj", "{06E2CD0A-2D8A-400E-93FA-81058E2210C0}"
EndProject
Project("{FAE04EC0-301F-11D3-BF4B-00C04F79EFBC}") = "BLL", "BLL\BLL.csproj", "{1BD7680A-8D0C-4E3D-AD64-2A0A53BAA7B6}"
EndProject
Project("{FAE04EC0-301F-11D3-BF4B-00C04F79EFBC}") = "DTO", "DTO\DTO.csproj", "{1D71C4DB-BAFA-4453-A44B-DF692C31EEDF}"
EndProject
Project("{FAE04EC0-301F-11D3-BF4B-00C04F79EFBC}") = "DAL", "DAL\DAL.csproj", "{F5CDE24D-DF9D-4E30-AC04-3F01C9816366}"
EndProject
Global
	GlobalSection(SolutionConfigurationPlatforms) = preSolution
		Debug|Any CPU = Debug|Any CPU
		Release|Any CPU = Release|Any CPU
	EndGlobalSection
	GlobalSection(ProjectConfigurationPlatforms) = postSolution
		{06E2CD0A-2D8A-400E-93FA-81058E2210C0}.Debug|Any CPU.ActiveCfg = Debug|Any CPU
		{06E2CD0A-2D8A-400E-93FA-81058E2210C0}.Debug|Any CPU.Build.0 = Debug|Any CPU
		{06E2CD0A-2D8A-400E-93FA-81058E2210C0}.Release|Any CPU.ActiveCfg = Release|Any CPU
		{06E2CD0A-2D8A-400E-93FA-81058E2210C0}.Release|Any CPU.Build.0 = Release|Any CPU
		{1BD7680A-8D0C-4E3D-AD64-2A0A53BAA7B6}.Debug|Any CPU.ActiveCfg = Debug|Any CPU
		{1BD7680A-8D0C-4E3D-AD64-2A0A53BAA7B6}.Debug|Any CPU.Build.0 = Debug|Any CPU
		{1BD7680A-8D0C-4E3D-AD64-2A0A53BAA7B6}.Release|Any CPU.ActiveCfg = Release|Any CPU
		{1BD7680A-8D0C-4E3D-AD64-2A0A53BAA7B6}.Release|Any CPU.Build.0 = Release|Any CPU
		{1D71C4DB-BAFA-4453-A44B-DF692C31EEDF}.Debug|Any CPU.ActiveCfg = Debug|Any CPU
		{1D71C4DB-BAFA-4453-A44B-DF692C31EEDF}.Debug|Any CPU.Build.0 = Debug|Any CPU
		{1D71C4DB-BAFA-4453-A44B-DF692C31EEDF}.Release|Any CPU.ActiveCfg = Release|Any CPU
		{1D71C4DB-BAFA-4453-A44B-DF692C31EEDF}.Release|Any CPU.Build.0 = Release|Any CPU
		{F5CDE24D-DF9D-4E30-AC04-3F01C9816366}.Debug|Any CPU.ActiveCfg = Debug|Any CPU
		{F5CDE24D-DF9D-4E30-AC04-3F01C9816366}.Debug|Any CPU.Build.0 = Debug|Any CPU
		{F5CDE24D-DF9D-4E30-AC04-3F01C9816366}.Release|Any CPU.ActiveCfg = Release|Any CPU
		{F5CDE24D-DF9D-4E30-AC04-3F01C9816366}.Release|Any CPU.Build.0 = Release|Any CPU
	EndGlobalSection
	GlobalSection(SolutionProperties) = preSolution
		HideSolutionNode = FALSE
	EndGlobalSection
	GlobalSection(ExtensibilityGlobals) = postSolution
		SolutionGuid = {EDC9390B-585B-4BB6-8AA0-08FAE870D248}
	EndGlobalSection
EndGlobal
